{
  "nodes": {
    "dotfiles": {
      "inputs": {
        "home-manager": "home-manager",
        "nixpkgs": "nixpkgs"
      },
      "locked": {
        "lastModified": 1631701451,
        "narHash": "sha256-GzjiafAiOMwZXJRV9Swurb4D4HdBvoXpCYsOTKrkizM=",
        "owner": "winston0410",
        "repo": "dotfiles-manager",
        "rev": "9f26879155a0bbe0781643c47c39d7f10516a87a",
        "type": "github"
      },
      "original": {
        "owner": "winston0410",
        "ref": "master",
        "repo": "dotfiles-manager",
        "type": "github"
      }
    },
    "dotfiles-manager": {
      "inputs": {
        "home-manager": "home-manager_3",
        "nixpkgs": [
          "universal",
          "nixpkgs"
        ]
      },
      "locked": {
        "lastModified": 1631701451,
        "narHash": "sha256-GzjiafAiOMwZXJRV9Swurb4D4HdBvoXpCYsOTKrkizM=",
        "owner": "winston0410",
        "repo": "dotfiles-manager",
        "rev": "9f26879155a0bbe0781643c47c39d7f10516a87a",
        "type": "github"
      },
      "original": {
        "owner": "winston0410",
        "ref": "master",
        "repo": "dotfiles-manager",
        "type": "github"
      }
    },
    "home-manager": {
      "inputs": {
        "nixpkgs": [
          "dotfiles",
          "nixpkgs"
        ]
      },
      "locked": {
        "lastModified": 1631485157,
        "narHash": "sha256-U2qv2tjrWpTWe1KPUPXEcByOdnTBlJWX/Bhk7Ax5mgA=",
        "owner": "nix-community",
        "repo": "home-manager",
        "rev": "208e310e9409d0d54ae5e19cb52f8d0f3c7f4771",
        "type": "github"
      },
      "original": {
        "owner": "nix-community",
        "repo": "home-manager",
        "type": "github"
      }
    },
    "home-manager_2": {
      "inputs": {
        "nixpkgs": [
          "nixpkgs"
        ]
      },
      "locked": {
        "lastModified": 1631658300,
        "narHash": "sha256-LsKiOWHtfOgatuIOSfuznj1vKfz7TYSzYPx3RzU9Ibo=",
        "owner": "nix-community",
        "repo": "home-manager",
        "rev": "562449b50354ac224adc4265803cba40b931ae7b",
        "type": "github"
      },
      "original": {
        "owner": "nix-community",
        "repo": "home-manager",
        "type": "github"
      }
    },
    "home-manager_3": {
      "inputs": {
        "nixpkgs": [
          "universal",
          "dotfiles-manager",
          "nixpkgs"
        ]
      },
      "locked": {
        "lastModified": 1631485157,
        "narHash": "sha256-U2qv2tjrWpTWe1KPUPXEcByOdnTBlJWX/Bhk7Ax5mgA=",
        "owner": "nix-community",
        "repo": "home-manager",
        "rev": "208e310e9409d0d54ae5e19cb52f8d0f3c7f4771",
        "type": "github"
      },
      "original": {
        "owner": "nix-community",
        "repo": "home-manager",
        "type": "github"
      }
    },
    "home-manager_4": {
      "inputs": {
        "nixpkgs": [
          "universal",
          "nixpkgs"
        ]
      },
      "locked": {
        "lastModified": 1631658300,
        "narHash": "sha256-LsKiOWHtfOgatuIOSfuznj1vKfz7TYSzYPx3RzU9Ibo=",
        "owner": "nix-community",
        "repo": "home-manager",
        "rev": "562449b50354ac224adc4265803cba40b931ae7b",
        "type": "github"
      },
      "original": {
        "owner": "nix-community",
        "repo": "home-manager",
        "type": "github"
      }
    },
    "nixpkgs": {
      "locked": {
        "lastModified": 1631470189,
        "narHash": "sha256-hkUPYlpNOY9nbG1ByRin9NzPAYnPtwq/nGxO/DoeZd0=",
        "owner": "nixos",
        "repo": "nixpkgs",
        "rev": "364b5555ee04bf61ee0075a3adab4c9351a8d38c",
        "type": "github"
      },
      "original": {
        "owner": "nixos",
        "ref": "nixos-unstable",
        "repo": "nixpkgs",
        "type": "github"
      }
    },
    "nixpkgs_2": {
      "locked": {
        "lastModified": 1631663639,
        "narHash": "sha256-5oMEq+P2krgBbqogWx1k1JrsTCG0pUVYS9DvDzNNV3o=",
        "owner": "nixos",
        "repo": "nixpkgs",
        "rev": "bcd607489d76795508c48261e1ad05f5d4b7672f",
        "type": "github"
      },
      "original": {
        "owner": "nixos",
        "ref": "nixos-unstable",
        "repo": "nixpkgs",
        "type": "github"
      }
    },
    "nixpkgs_3": {
      "locked": {
        "lastModified": 1631663639,
        "narHash": "sha256-5oMEq+P2krgBbqogWx1k1JrsTCG0pUVYS9DvDzNNV3o=",
        "owner": "nixos",
        "repo": "nixpkgs",
        "rev": "bcd607489d76795508c48261e1ad05f5d4b7672f",
        "type": "github"
      },
      "original": {
        "owner": "nixos",
        "ref": "nixos-unstable",
        "repo": "nixpkgs",
        "type": "github"
      }
    },
    "root": {
      "inputs": {
        "dotfiles": "dotfiles",
        "home-manager": "home-manager_2",
        "nixpkgs": "nixpkgs_2",
        "universal": "universal"
      }
    },
    "universal": {
      "inputs": {
        "dotfiles-manager": "dotfiles-manager",
        "home-manager": "home-manager_4",
        "nixpkgs": "nixpkgs_3"
      },
      "locked": {
        "lastModified": 1631701515,
        "narHash": "sha256-oeHUSPPwT9osDrLeIXB/dCvXF0VHGmJKzVgtKkxmzoQ=",
        "owner": "winston0410",
        "repo": "universal-dotfiles",
        "rev": "d65b7e32a1f0b4393d2c3c6e4ae8a4e9a4055354",
        "type": "github"
      },
      "original": {
        "owner": "winston0410",
        "ref": "master",
        "repo": "universal-dotfiles",
        "type": "github"
      }
    }
  },
  "root": "root",
  "version": 7
}
